// !$*UTF8*$!
{
	archiveVersion = 1;
	classes = {
	};
	objectVersion = 50;
	objects = {

/* Begin PBXBuildFile section */
		8735CCB322C7640C00211125 /* MapViewController.swift in Sources */ = {isa = PBXBuildFile; fileRef = 8735CCB222C7640C00211125 /* MapViewController.swift */; };
		873E6EAC22C3F75400D3DBA4 /* StorageManager.swift in Sources */ = {isa = PBXBuildFile; fileRef = 873E6EAB22C3F75400D3DBA4 /* StorageManager.swift */; };
		875F781B22C15FA0008193AC /* CustomTableViewCell.swift in Sources */ = {isa = PBXBuildFile; fileRef = 875F781A22C15FA0008193AC /* CustomTableViewCell.swift */; };
		875F781D22C163F8008193AC /* PlaceModel.swift in Sources */ = {isa = PBXBuildFile; fileRef = 875F781C22C163F8008193AC /* PlaceModel.swift */; };
		875F781F22C17594008193AC /* NewPlaceViewController.swift in Sources */ = {isa = PBXBuildFile; fileRef = 875F781E22C17594008193AC /* NewPlaceViewController.swift */; };
		8782249D22C693B5004E13B8 /* RatingControl.swift in Sources */ = {isa = PBXBuildFile; fileRef = 8782249C22C693B5004E13B8 /* RatingControl.swift */; };
		8788783222C1444F002098ED /* AppDelegate.swift in Sources */ = {isa = PBXBuildFile; fileRef = 8788783122C1444F002098ED /* AppDelegate.swift */; };
		8788783722C1444F002098ED /* Main.storyboard in Resources */ = {isa = PBXBuildFile; fileRef = 8788783522C1444F002098ED /* Main.storyboard */; };
		8788783922C14451002098ED /* Assets.xcassets in Resources */ = {isa = PBXBuildFile; fileRef = 8788783822C14451002098ED /* Assets.xcassets */; };
		8788783C22C14451002098ED /* LaunchScreen.storyboard in Resources */ = {isa = PBXBuildFile; fileRef = 8788783A22C14451002098ED /* LaunchScreen.storyboard */; };
		8788784422C14930002098ED /* MainViewController.swift in Sources */ = {isa = PBXBuildFile; fileRef = 8788784322C14930002098ED /* MainViewController.swift */; };
		87D0743B22C951E9001A7F96 /* MapManager.swift in Sources */ = {isa = PBXBuildFile; fileRef = 87D0743A22C951E9001A7F96 /* MapManager.swift */; };
		A9380B02F0519F0811733E8D /* Pods_MyPlaces.framework in Frameworks */ = {isa = PBXBuildFile; fileRef = 57563FC82D85FB0AD735F225 /* Pods_MyPlaces.framework */; };
/* End PBXBuildFile section */

/* Begin PBXFileReference section */
		136B5D5C7CE39F7B140A7F77 /* Pods-MyPlaces.release.xcconfig */ = {isa = PBXFileReference; includeInIndex = 1; lastKnownFileType = text.xcconfig; name = "Pods-MyPlaces.release.xcconfig"; path = "Pods/Target Support Files/Pods-MyPlaces/Pods-MyPlaces.release.xcconfig"; sourceTree = "<group>"; };
		3AD581929F97C56CC1A016E7 /* Pods-MyPlaces.debug.xcconfig */ = {isa = PBXFileReference; includeInIndex = 1; lastKnownFileType = text.xcconfig; name = "Pods-MyPlaces.debug.xcconfig"; path = "Pods/Target Support Files/Pods-MyPlaces/Pods-MyPlaces.debug.xcconfig"; sourceTree = "<group>"; };
		57563FC82D85FB0AD735F225 /* Pods_MyPlaces.framework */ = {isa = PBXFileReference; explicitFileType = wrapper.framework; includeInIndex = 0; path = Pods_MyPlaces.framework; sourceTree = BUILT_PRODUCTS_DIR; };
		8735CCB222C7640C00211125 /* MapViewController.swift */ = {isa = PBXFileReference; lastKnownFileType = sourcecode.swift; path = MapViewController.swift; sourceTree = "<group>"; };
		873E6EAB22C3F75400D3DBA4 /* StorageManager.swift */ = {isa = PBXFileReference; lastKnownFileType = sourcecode.swift; path = StorageManager.swift; sourceTree = "<group>"; };
		875F781A22C15FA0008193AC /* CustomTableViewCell.swift */ = {isa = PBXFileReference; lastKnownFileType = sourcecode.swift; path = CustomTableViewCell.swift; sourceTree = "<group>"; };
		875F781C22C163F8008193AC /* PlaceModel.swift */ = {isa = PBXFileReference; lastKnownFileType = sourcecode.swift; path = PlaceModel.swift; sourceTree = "<group>"; };
		875F781E22C17594008193AC /* NewPlaceViewController.swift */ = {isa = PBXFileReference; lastKnownFileType = sourcecode.swift; path = NewPlaceViewController.swift; sourceTree = "<group>"; };
		8782249C22C693B5004E13B8 /* RatingControl.swift */ = {isa = PBXFileReference; lastKnownFileType = sourcecode.swift; path = RatingControl.swift; sourceTree = "<group>"; };
		8788782E22C1444F002098ED /* MyPlaces.app */ = {isa = PBXFileReference; explicitFileType = wrapper.application; includeInIndex = 0; path = MyPlaces.app; sourceTree = BUILT_PRODUCTS_DIR; };
		8788783122C1444F002098ED /* AppDelegate.swift */ = {isa = PBXFileReference; lastKnownFileType = sourcecode.swift; path = AppDelegate.swift; sourceTree = "<group>"; };
		8788783622C1444F002098ED /* Base */ = {isa = PBXFileReference; lastKnownFileType = file.storyboard; name = Base; path = Base.lproj/Main.storyboard; sourceTree = "<group>"; };
		8788783822C14451002098ED /* Assets.xcassets */ = {isa = PBXFileReference; lastKnownFileType = folder.assetcatalog; path = Assets.xcassets; sourceTree = "<group>"; };
		8788783B22C14451002098ED /* Base */ = {isa = PBXFileReference; lastKnownFileType = file.storyboard; name = Base; path = Base.lproj/LaunchScreen.storyboard; sourceTree = "<group>"; };
		8788783D22C14451002098ED /* Info.plist */ = {isa = PBXFileReference; lastKnownFileType = text.plist.xml; path = Info.plist; sourceTree = "<group>"; };
		8788784322C14930002098ED /* MainViewController.swift */ = {isa = PBXFileReference; lastKnownFileType = sourcecode.swift; path = MainViewController.swift; sourceTree = "<group>"; };
		87D0743A22C951E9001A7F96 /* MapManager.swift */ = {isa = PBXFileReference; lastKnownFileType = sourcecode.swift; path = MapManager.swift; sourceTree = "<group>"; };
/* End PBXFileReference section */

/* Begin PBXFrameworksBuildPhase section */
		8788782B22C1444F002098ED /* Frameworks */ = {
			isa = PBXFrameworksBuildPhase;
			buildActionMask = 2147483647;
			files = (
				A9380B02F0519F0811733E8D /* Pods_MyPlaces.framework in Frameworks */,
			);
			runOnlyForDeploymentPostprocessing = 0;
		};
/* End PBXFrameworksBuildPhase section */

/* Begin PBXGroup section */
		86FB167A29EAE75FA077F5FE /* Pods */ = {
			isa = PBXGroup;
			children = (
				3AD581929F97C56CC1A016E7 /* Pods-MyPlaces.debug.xcconfig */,
				136B5D5C7CE39F7B140A7F77 /* Pods-MyPlaces.release.xcconfig */,
			);
			name = Pods;
			sourceTree = "<group>";
		};
		8788782522C1444F002098ED = {
			isa = PBXGroup;
			children = (
				8788783022C1444F002098ED /* MyPlaces */,
				8788782F22C1444F002098ED /* Products */,
				86FB167A29EAE75FA077F5FE /* Pods */,
				FCBBF30CBFDCB7CCF0DB7D65 /* Frameworks */,
			);
			sourceTree = "<group>";
		};
		8788782F22C1444F002098ED /* Products */ = {
			isa = PBXGroup;
			children = (
				8788782E22C1444F002098ED /* MyPlaces.app */,
			);
			name = Products;
			sourceTree = "<group>";
		};
		8788783022C1444F002098ED /* MyPlaces */ = {
			isa = PBXGroup;
			children = (
				8788783122C1444F002098ED /* AppDelegate.swift */,
				8788784322C14930002098ED /* MainViewController.swift */,
				875F781E22C17594008193AC /* NewPlaceViewController.swift */,
				8735CCB222C7640C00211125 /* MapViewController.swift */,
				875F781A22C15FA0008193AC /* CustomTableViewCell.swift */,
				8782249C22C693B5004E13B8 /* RatingControl.swift */,
				875F781C22C163F8008193AC /* PlaceModel.swift */,
				87D0743A22C951E9001A7F96 /* MapManager.swift */,
				8788783522C1444F002098ED /* Main.storyboard */,
				873E6EAB22C3F75400D3DBA4 /* StorageManager.swift */,
				8788783822C14451002098ED /* Assets.xcassets */,
				8788783A22C14451002098ED /* LaunchScreen.storyboard */,
				8788783D22C14451002098ED /* Info.plist */,
			);
			path = MyPlaces;
			sourceTree = "<group>";
		};
		FCBBF30CBFDCB7CCF0DB7D65 /* Frameworks */ = {
			isa = PBXGroup;
			children = (
				57563FC82D85FB0AD735F225 /* Pods_MyPlaces.framework */,
			);
			name = Frameworks;
			sourceTree = "<group>";
		};
/* End PBXGroup section */

/* Begin PBXNativeTarget section */
		8788782D22C1444F002098ED /* MyPlaces */ = {
			isa = PBXNativeTarget;
			buildConfigurationList = 8788784022C14451002098ED /* Build configuration list for PBXNativeTarget "MyPlaces" */;
			buildPhases = (
				942EF3C242B902615D838D80 /* [CP] Check Pods Manifest.lock */,
				8788782A22C1444F002098ED /* Sources */,
				8788782B22C1444F002098ED /* Frameworks */,
				8788782C22C1444F002098ED /* Resources */,
				E38F4FD731E6A3F5C0448DD1 /* [CP] Embed Pods Frameworks */,
			);
			buildRules = (
			);
			dependencies = (
			);
			name = MyPlaces;
			productName = MyPlaces;
			productReference = 8788782E22C1444F002098ED /* MyPlaces.app */;
			productType = "com.apple.product-type.application";
		};
/* End PBXNativeTarget section */

/* Begin PBXProject section */
		8788782622C1444F002098ED /* Project object */ = {
			isa = PBXProject;
			attributes = {
				LastSwiftUpdateCheck = 1020;
				LastUpgradeCheck = 1020;
				ORGANIZATIONNAME = "Михаил";
				TargetAttributes = {
					8788782D22C1444F002098ED = {
						CreatedOnToolsVersion = 10.2.1;
					};
				};
			};
			buildConfigurationList = 8788782922C1444F002098ED /* Build configuration list for PBXProject "MyPlaces" */;
			compatibilityVersion = "Xcode 9.3";
			developmentRegion = en;
			hasScannedForEncodings = 0;
			knownRegions = (
				en,
				Base,
			);
			mainGroup = 8788782522C1444F002098ED;
			productRefGroup = 8788782F22C1444F002098ED /* Products */;
			projectDirPath = "";
			projectRoot = "";
			targets = (
				8788782D22C1444F002098ED /* MyPlaces */,
			);
		};
/* End PBXProject section */

/* Begin PBXResourcesBuildPhase section */
		8788782C22C1444F002098ED /* Resources */ = {
			isa = PBXResourcesBuildPhase;
			buildActionMask = 2147483647;
			files = (
				8788783C22C14451002098ED /* LaunchScreen.storyboard in Resources */,
				8788783922C14451002098ED /* Assets.xcassets in Resources */,
				8788783722C1444F002098ED /* Main.storyboard in Resources */,
			);
			runOnlyForDeploymentPostprocessing = 0;
		};
/* End PBXResourcesBuildPhase section */

/* Begin PBXShellScriptBuildPhase section */
		942EF3C242B902615D838D80 /* [CP] Check Pods Manifest.lock */ = {
			isa = PBXShellScriptBuildPhase;
			buildActionMask = 2147483647;
			files = (
			);
			inputFileListPaths = (
			);
			inputPaths = (
				"${PODS_PODFILE_DIR_PATH}/Podfile.lock",
				"${PODS_ROOT}/Manifest.lock",
			);
			name = "[CP] Check Pods Manifest.lock";
			outputFileListPaths = (
			);
			outputPaths = (
				"$(DERIVED_FILE_DIR)/Pods-MyPlaces-checkManifestLockResult.txt",
			);
			runOnlyForDeploymentPostprocessing = 0;
			shellPath = /bin/sh;
			shellScript = "diff \"${PODS_PODFILE_DIR_PATH}/Podfile.lock\" \"${PODS_ROOT}/Manifest.lock\" > /dev/null\nif [ $? != 0 ] ; then\n    # print error to STDERR\n    echo \"error: The sandbox is not in sync with the Podfile.lock. Run 'pod install' or update your CocoaPods installation.\" >&2\n    exit 1\nfi\n# This output is used by Xcode 'outputs' to avoid re-running this script phase.\necho \"SUCCESS\" > \"${SCRIPT_OUTPUT_FILE_0}\"\n";
			showEnvVarsInLog = 0;
		};
		E38F4FD731E6A3F5C0448DD1 /* [CP] Embed Pods Frameworks */ = {
			isa = PBXShellScriptBuildPhase;
			buildActionMask = 2147483647;
			files = (
			);
			inputFileListPaths = (
			);
			inputPaths = (
				"${SRCROOT}/Pods/Target Support Files/Pods-MyPlaces/Pods-MyPlaces-frameworks.sh",
				"${BUILT_PRODUCTS_DIR}/Cosmos/Cosmos.framework",
				"${BUILT_PRODUCTS_DIR}/Realm/Realm.framework",
				"${BUILT_PRODUCTS_DIR}/RealmSwift/RealmSwift.framework",
			);
			name = "[CP] Embed Pods Frameworks";
			outputFileListPaths = (
			);
			outputPaths = (
				"${TARGET_BUILD_DIR}/${FRAMEWORKS_FOLDER_PATH}/Cosmos.framework",
				"${TARGET_BUILD_DIR}/${FRAMEWORKS_FOLDER_PATH}/Realm.framework",
				"${TARGET_BUILD_DIR}/${FRAMEWORKS_FOLDER_PATH}/RealmSwift.framework",
			);
			runOnlyForDeploymentPostprocessing = 0;
			shellPath = /bin/sh;
			shellScript = "\"${SRCROOT}/Pods/Target Support Files/Pods-MyPlaces/Pods-MyPlaces-frameworks.sh\"\n";
			showEnvVarsInLog = 0;
		};
/* End PBXShellScriptBuildPhase section */

/* Begin PBXSourcesBuildPhase section */
		8788782A22C1444F002098ED /* Sources */ = {
			isa = PBXSourcesBuildPhase;
			buildActionMask = 2147483647;
			files = (
				8782249D22C693B5004E13B8 /* RatingControl.swift in Sources */,
				875F781B22C15FA0008193AC /* CustomTableViewCell.swift in Sources */,
				875F781D22C163F8008193AC /* PlaceModel.swift in Sources */,
				875F781F22C17594008193AC /* NewPlaceViewController.swift in Sources */,
				87D0743B22C951E9001A7F96 /* MapManager.swift in Sources */,
				873E6EAC22C3F75400D3DBA4 /* StorageManager.swift in Sources */,
				8788783222C1444F002098ED /* AppDelegate.swift in Sources */,
				8788784422C14930002098ED /* MainViewController.swift in Sources */,
				8735CCB322C7640C00211125 /* MapViewController.swift in Sources */,
			);
			runOnlyForDeploymentPostprocessing = 0;
		};
/* End PBXSourcesBuildPhase section */

/* Begin PBXVariantGroup section */
		8788783522C1444F002098ED /* Main.storyboard */ = {
			isa = PBXVariantGroup;
			children = (
				8788783622C1444F002098ED /* Base */,
			);
			name = Main.storyboard;
			sourceTree = "<group>";
		};
		8788783A22C14451002098ED /* LaunchScreen.storyboard */ = {
			isa = PBXVariantGroup;
			children = (
				8788783B22C14451002098ED /* Base */,
			);
			name = LaunchScreen.storyboard;
			sourceTree = "<group>";
		};
/* End PBXVariantGroup section */

/* Begin XCBuildConfiguration section */
		8788783E22C14451002098ED /* Debug */ = {
			isa = XCBuildConfiguration;
			buildSettings = {
				ALWAYS_SEARCH_USER_PATHS = NO;
				CLANG_ANALYZER_NONNULL = YES;
				CLANG_ANALYZER_NUMBER_OBJECT_CONVERSION = YES_AGGRESSIVE;
				CLANG_CXX_LANGUAGE_STANDARD = "gnu++14";
				CLANG_CXX_LIBRARY = "libc++";
				CLANG_ENABLE_MODULES = YES;
				CLANG_ENABLE_OBJC_ARC = YES;
				CLANG_ENABLE_OBJC_WEAK = YES;
				CLANG_WARN_BLOCK_CAPTURE_AUTORELEASING = YES;
				CLANG_WARN_BOOL_CONVERSION = YES;
				CLANG_WARN_COMMA = YES;
				CLANG_WARN_CONSTANT_CONVERSION = YES;
				CLANG_WARN_DEPRECATED_OBJC_IMPLEMENTATIONS = YES;
				CLANG_WARN_DIRECT_OBJC_ISA_USAGE = YES_ERROR;
				CLANG_WARN_DOCUMENTATION_COMMENTS = YES;
				CLANG_WARN_EMPTY_BODY = YES;
				CLANG_WARN_ENUM_CONVERSION = YES;
				CLANG_WARN_INFINITE_RECURSION = YES;
				CLANG_WARN_INT_CONVERSION = YES;
				CLANG_WARN_NON_LITERAL_NULL_CONVERSION = YES;
				CLANG_WARN_OBJC_IMPLICIT_RETAIN_SELF = YES;
				CLANG_WARN_OBJC_LITERAL_CONVERSION = YES;
				CLANG_WARN_OBJC_ROOT_CLASS = YES_ERROR;
				CLANG_WARN_RANGE_LOOP_ANALYSIS = YES;
				CLANG_WARN_STRICT_PROTOTYPES = YES;
				CLANG_WARN_SUSPICIOUS_MOVE = YES;
				CLANG_WARN_UNGUARDED_AVAILABILITY = YES_AGGRESSIVE;
				CLANG_WARN_UNREACHABLE_CODE = YES;
				CLANG_WARN__DUPLICATE_METHOD_MATCH = YES;
				CODE_SIGN_IDENTITY = "iPhone Developer";
				COPY_PHASE_STRIP = NO;
				DEBUG_INFORMATION_FORMAT = dwarf;
				ENABLE_STRICT_OBJC_MSGSEND = YES;
				ENABLE_TESTABILITY = YES;
				GCC_C_LANGUAGE_STANDARD = gnu11;
				GCC_DYNAMIC_NO_PIC = NO;
				GCC_NO_COMMON_BLOCKS = YES;
				GCC_OPTIMIZATION_LEVEL = 0;
				GCC_PREPROCESSOR_DEFINITIONS = (
					"DEBUG=1",
					"$(inherited)",
				);
				GCC_WARN_64_TO_32_BIT_CONVERSION = YES;
				GCC_WARN_ABOUT_RETURN_TYPE = YES_ERROR;
				GCC_WARN_UNDECLARED_SELECTOR = YES;
				GCC_WARN_UNINITIALIZED_AUTOS = YES_AGGRESSIVE;
				GCC_WARN_UNUSED_FUNCTION = YES;
				GCC_WARN_UNUSED_VARIABLE = YES;
				IPHONEOS_DEPLOYMENT_TARGET = 12.2;
				MTL_ENABLE_DEBUG_INFO = INCLUDE_SOURCE;
				MTL_FAST_MATH = YES;
				ONLY_ACTIVE_ARCH = YES;
				SDKROOT = iphoneos;
				SWIFT_ACTIVE_COMPILATION_CONDITIONS = DEBUG;
				SWIFT_OPTIMIZATION_LEVEL = "-Onone";
			};
			name = Debug;
		};
		8788783F22C14451002098ED /* Release */ = {
			isa = XCBuildConfiguration;
			buildSettings = {
				ALWAYS_SEARCH_USER_PATHS = NO;
				CLANG_ANALYZER_NONNULL = YES;
				CLANG_ANALYZER_NUMBER_OBJECT_CONVERSION = YES_AGGRESSIVE;
				CLANG_CXX_LANGUAGE_STANDARD = "gnu++14";
				CLANG_CXX_LIBRARY = "libc++";
				CLANG_ENABLE_MODULES = YES;
				CLANG_ENABLE_OBJC_ARC = YES;
				CLANG_ENABLE_OBJC_WEAK = YES;
				CLANG_WARN_BLOCK_CAPTURE_AUTORELEASING = YES;
				CLANG_WARN_BOOL_CONVERSION = YES;
				CLANG_WARN_COMMA = YES;
				CLANG_WARN_CONSTANT_CONVERSION = YES;
				CLANG_WARN_DEPRECATED_OBJC_IMPLEMENTATIONS = YES;
				CLANG_WARN_DIRECT_OBJC_ISA_USAGE = YES_ERROR;
				CLANG_WARN_DOCUMENTATION_COMMENTS = YES;
				CLANG_WARN_EMPTY_BODY = YES;
				CLANG_WARN_ENUM_CONVERSION = YES;
				CLANG_WARN_INFINITE_RECURSION = YES;
				CLANG_WARN_INT_CONVERSION = YES;
				CLANG_WARN_NON_LITERAL_NULL_CONVERSION = YES;
				CLANG_WARN_OBJC_IMPLICIT_RETAIN_SELF = YES;
				CLANG_WARN_OBJC_LITERAL_CONVERSION = YES;
				CLANG_WARN_OBJC_ROOT_CLASS = YES_ERROR;
				CLANG_WARN_RANGE_LOOP_ANALYSIS = YES;
				CLANG_WARN_STRICT_PROTOTYPES = YES;
				CLANG_WARN_SUSPICIOUS_MOVE = YES;
				CLANG_WARN_UNGUARDED_AVAILABILITY = YES_AGGRESSIVE;
				CLANG_WARN_UNREACHABLE_CODE = YES;
				CLANG_WARN__DUPLICATE_METHOD_MATCH = YES;
				CODE_SIGN_IDENTITY = "iPhone Developer";
				COPY_PHASE_STRIP = NO;
				DEBUG_INFORMATION_FORMAT = "dwarf-with-dsym";
				ENABLE_NS_ASSERTIONS = NO;
				ENABLE_STRICT_OBJC_MSGSEND = YES;
				GCC_C_LANGUAGE_STANDARD = gnu11;
				GCC_NO_COMMON_BLOCKS = YES;
				GCC_WARN_64_TO_32_BIT_CONVERSION = YES;
				GCC_WARN_ABOUT_RETURN_TYPE = YES_ERROR;
				GCC_WARN_UNDECLARED_SELECTOR = YES;
				GCC_WARN_UNINITIALIZED_AUTOS = YES_AGGRESSIVE;
				GCC_WARN_UNUSED_FUNCTION = YES;
				GCC_WARN_UNUSED_VARIABLE = YES;
				IPHONEOS_DEPLOYMENT_TARGET = 12.2;
				MTL_ENABLE_DEBUG_INFO = NO;
				MTL_FAST_MATH = YES;
				SDKROOT = iphoneos;
				SWIFT_COMPILATION_MODE = wholemodule;
				SWIFT_OPTIMIZATION_LEVEL = "-O";
				VALIDATE_PRODUCT = YES;
			};
			name = Release;
		};
		8788784122C14451002098ED /* Debug */ = {
			isa = XCBuildConfiguration;
			baseConfigurationReference = 3AD581929F97C56CC1A016E7 /* Pods-MyPlaces.debug.xcconfig */;
			buildSettings = {
				ASSETCATALOG_COMPILER_APPICON_NAME = AppIcon;
				CODE_SIGN_STYLE = Automatic;
				DEVELOPMENT_TEAM = T47UR4K92P;
				INFOPLIST_FILE = MyPlaces/Info.plist;
				LD_RUNPATH_SEARCH_PATHS = (
					"$(inherited)",
					"@executable_path/Frameworks",
				);
				PRODUCT_BUNDLE_IDENTIFIER = kolotilinma.MyPlaces;
				PRODUCT_NAME = "$(TARGET_NAME)";
				SWIFT_VERSION = 5.0;
				TARGETED_DEVICE_FAMILY = "1,2";
			};
			name = Debug;
		};
		8788784222C14451002098ED /* Release */ = {
			isa = XCBuildConfiguration;
			baseConfigurationReference = 136B5D5C7CE39F7B140A7F77 /* Pods-MyPlaces.release.xcconfig */;
			buildSettings = {
				ASSETCATALOG_COMPILER_APPICON_NAME = AppIcon;
				CODE_SIGN_STYLE = Automatic;
				DEVELOPMENT_TEAM = T47UR4K92P;
				INFOPLIST_FILE = MyPlaces/Info.plist;
				LD_RUNPATH_SEARCH_PATHS = (
					"$(inherited)",
					"@executable_path/Frameworks",
				);
				PRODUCT_BUNDLE_IDENTIFIER = kolotilinma.MyPlaces;
				PRODUCT_NAME = "$(TARGET_NAME)";
				SWIFT_VERSION = 5.0;
				TARGETED_DEVICE_FAMILY = "1,2";
			};
			name = Release;
		};
/* End XCBuildConfiguration section */

/* Begin XCConfigurationList section */
		8788782922C1444F002098ED /* Build configuration list for PBXProject "MyPlaces" */ = {
			isa = XCConfigurationList;
			buildConfigurations = (
				8788783E22C14451002098ED /* Debug */,
				8788783F22C14451002098ED /* Release */,
			);
			defaultConfigurationIsVisible = 0;
			defaultConfigurationName = Release;
		};
		8788784022C14451002098ED /* Build configuration list for PBXNativeTarget "MyPlaces" */ = {
			isa = XCConfigurationList;
			buildConfigurations = (
				8788784122C14451002098ED /* Debug */,
				8788784222C14451002098ED /* Release */,
			);
			defaultConfigurationIsVisible = 0;
			defaultConfigurationName = Release;
		};
/* End XCConfigurationList section */
	};
	rootObject = 8788782622C1444F002098ED /* Project object */;
}
